// !$*UTF8*$!
{
	archiveVersion = 1;
	classes = {
	};
	objectVersion = 46;
	objects = {

/* Begin PBXBuildFile section */
		88A4DE4A1CF2637C00F09989 /* AppDelegate.swift in Sources */ = {isa = PBXBuildFile; fileRef = 88A4DE491CF2637C00F09989 /* AppDelegate.swift */; };
		88A4DE4C1CF2637C00F09989 /* FirstViewController.swift in Sources */ = {isa = PBXBuildFile; fileRef = 88A4DE4B1CF2637C00F09989 /* FirstViewController.swift */; };
		88A4DE4E1CF2637C00F09989 /* SecondViewController.swift in Sources */ = {isa = PBXBuildFile; fileRef = 88A4DE4D1CF2637C00F09989 /* SecondViewController.swift */; };
		88A4DE511CF2637C00F09989 /* Main.storyboard in Resources */ = {isa = PBXBuildFile; fileRef = 88A4DE4F1CF2637C00F09989 /* Main.storyboard */; };
		88A4DE531CF2637C00F09989 /* Assets.xcassets in Resources */ = {isa = PBXBuildFile; fileRef = 88A4DE521CF2637C00F09989 /* Assets.xcassets */; };
		88A4DE561CF2637C00F09989 /* LaunchScreen.storyboard in Resources */ = {isa = PBXBuildFile; fileRef = 88A4DE541CF2637C00F09989 /* LaunchScreen.storyboard */; };
		88A4DE5E1CF2761400F09989 /* file.txt in Resources */ = {isa = PBXBuildFile; fileRef = 88A4DE5D1CF2761400F09989 /* file.txt */; };
		88EE72611CF4115900F66AEB /* MyCustomTableViewCell.swift in Sources */ = {isa = PBXBuildFile; fileRef = 88EE72601CF4115900F66AEB /* MyCustomTableViewCell.swift */; };
/* End PBXBuildFile section */

/* Begin PBXFileReference section */
		88A4DE461CF2637C00F09989 /* todo.app */ = {isa = PBXFileReference; explicitFileType = wrapper.application; includeInIndex = 0; path = todo.app; sourceTree = BUILT_PRODUCTS_DIR; };
		88A4DE491CF2637C00F09989 /* AppDelegate.swift */ = {isa = PBXFileReference; lastKnownFileType = sourcecode.swift; path = AppDelegate.swift; sourceTree = "<group>"; };
		88A4DE4B1CF2637C00F09989 /* FirstViewController.swift */ = {isa = PBXFileReference; lastKnownFileType = sourcecode.swift; path = FirstViewController.swift; sourceTree = "<group>"; };
		88A4DE4D1CF2637C00F09989 /* SecondViewController.swift */ = {isa = PBXFileReference; lastKnownFileType = sourcecode.swift; path = SecondViewController.swift; sourceTree = "<group>"; };
		88A4DE501CF2637C00F09989 /* Base */ = {isa = PBXFileReference; lastKnownFileType = file.storyboard; name = Base; path = Base.lproj/Main.storyboard; sourceTree = "<group>"; };
		88A4DE521CF2637C00F09989 /* Assets.xcassets */ = {isa = PBXFileReference; lastKnownFileType = folder.assetcatalog; path = Assets.xcassets; sourceTree = "<group>"; };
		88A4DE551CF2637C00F09989 /* Base */ = {isa = PBXFileReference; lastKnownFileType = file.storyboard; name = Base; path = Base.lproj/LaunchScreen.storyboard; sourceTree = "<group>"; };
		88A4DE571CF2637C00F09989 /* Info.plist */ = {isa = PBXFileReference; lastKnownFileType = text.plist.xml; path = Info.plist; sourceTree = "<group>"; };
		88A4DE5D1CF2761400F09989 /* file.txt */ = {isa = PBXFileReference; fileEncoding = 4; lastKnownFileType = text; path = file.txt; sourceTree = "<group>"; };
		88EE72601CF4115900F66AEB /* MyCustomTableViewCell.swift */ = {isa = PBXFileReference; fileEncoding = 4; lastKnownFileType = sourcecode.swift; path = MyCustomTableViewCell.swift; sourceTree = "<group>"; };
/* End PBXFileReference section */

/* Begin PBXFrameworksBuildPhase section */
		88A4DE431CF2637C00F09989 /* Frameworks */ = {
			isa = PBXFrameworksBuildPhase;
			buildActionMask = 2147483647;
			files = (
			);
			runOnlyForDeploymentPostprocessing = 0;
		};
/* End PBXFrameworksBuildPhase section */

/* Begin PBXGroup section */
		88A4DE3D1CF2637C00F09989 = {
			isa = PBXGroup;
			children = (
				88A4DE481CF2637C00F09989 /* todo */,
				88A4DE471CF2637C00F09989 /* Products */,
			);
			sourceTree = "<group>";
		};
		88A4DE471CF2637C00F09989 /* Products */ = {
			isa = PBXGroup;
			children = (
				88A4DE461CF2637C00F09989 /* todo.app */,
			);
			name = Products;
			sourceTree = "<group>";
		};
		88A4DE481CF2637C00F09989 /* todo */ = {
			isa = PBXGroup;
			children = (
				88A4DE491CF2637C00F09989 /* AppDelegate.swift */,
				88A4DE4B1CF2637C00F09989 /* FirstViewController.swift */,
				88EE72601CF4115900F66AEB /* MyCustomTableViewCell.swift */,
				88A4DE4D1CF2637C00F09989 /* SecondViewController.swift */,
				88A4DE4F1CF2637C00F09989 /* Main.storyboard */,
				88A4DE521CF2637C00F09989 /* Assets.xcassets */,
				88A4DE541CF2637C00F09989 /* LaunchScreen.storyboard */,
				88A4DE571CF2637C00F09989 /* Info.plist */,
				88A4DE5D1CF2761400F09989 /* file.txt */,
			);
			name = todo;
			path = tables;
			sourceTree = "<group>";
		};
/* End PBXGroup section */

/* Begin PBXNativeTarget section */
		88A4DE451CF2637C00F09989 /* todo */ = {
			isa = PBXNativeTarget;
			buildConfigurationList = 88A4DE5A1CF2637C00F09989 /* Build configuration list for PBXNativeTarget "todo" */;
			buildPhases = (
				88A4DE421CF2637C00F09989 /* Sources */,
				88A4DE431CF2637C00F09989 /* Frameworks */,
				88A4DE441CF2637C00F09989 /* Resources */,
			);
			buildRules = (
			);
			dependencies = (
			);
			name = todo;
			productName = tables;
			productReference = 88A4DE461CF2637C00F09989 /* todo.app */;
			productType = "com.apple.product-type.application";
		};
/* End PBXNativeTarget section */

/* Begin PBXProject section */
		88A4DE3E1CF2637C00F09989 /* Project object */ = {
			isa = PBXProject;
			attributes = {
				LastSwiftUpdateCheck = 0730;
				LastUpgradeCheck = 0730;
				ORGANIZATIONNAME = "Aydin Tiritoglu";
				TargetAttributes = {
					88A4DE451CF2637C00F09989 = {
						CreatedOnToolsVersion = 7.3.1;
						DevelopmentTeam = 7AB3D4ZA93;
					};
				};
			};
			buildConfigurationList = 88A4DE411CF2637C00F09989 /* Build configuration list for PBXProject "todo" */;
			compatibilityVersion = "Xcode 3.2";
			developmentRegion = English;
			hasScannedForEncodings = 0;
			knownRegions = (
				en,
				Base,
			);
			mainGroup = 88A4DE3D1CF2637C00F09989;
			productRefGroup = 88A4DE471CF2637C00F09989 /* Products */;
			projectDirPath = "";
			projectRoot = "";
			targets = (
				88A4DE451CF2637C00F09989 /* todo */,
			);
		};
/* End PBXProject section */

/* Begin PBXResourcesBuildPhase section */
		88A4DE441CF2637C00F09989 /* Resources */ = {
			isa = PBXResourcesBuildPhase;
			buildActionMask = 2147483647;
			files = (
				88A4DE561CF2637C00F09989 /* LaunchScreen.storyboard in Resources */,
				88A4DE531CF2637C00F09989 /* Assets.xcassets in Resources */,
				88A4DE5E1CF2761400F09989 /* file.txt in Resources */,
				88A4DE511CF2637C00F09989 /* Main.storyboard in Resources */,
			);
			runOnlyForDeploymentPostprocessing = 0;
		};
/* End PBXResourcesBuildPhase section */

/* Begin PBXSourcesBuildPhase section */
		88A4DE421CF2637C00F09989 /* Sources */ = {
			isa = PBXSourcesBuildPhase;
			buildActionMask = 2147483647;
			files = (
				88A4DE4E1CF2637C00F09989 /* SecondViewController.swift in Sources */,
				88A4DE4A1CF2637C00F09989 /* AppDelegate.swift in Sources */,
				88EE72611CF4115900F66AEB /* MyCustomTableViewCell.swift in Sources */,
				88A4DE4C1CF2637C00F09989 /* FirstViewController.swift in Sources */,
			);
			runOnlyForDeploymentPostprocessing = 0;
		};
/* End PBXSourcesBuildPhase section */

/* Begin PBXVariantGroup section */
		88A4DE4F1CF2637C00F09989 /* Main.storyboard */ = {
			isa = PBXVariantGroup;
			children = (
				88A4DE501CF2637C00F09989 /* Base */,
			);
			name = Main.storyboard;
			sourceTree = "<group>";
		};
		88A4DE541CF2637C00F09989 /* LaunchScreen.storyboard */ = {
			isa = PBXVariantGroup;
			children = (
				88A4DE551CF2637C00F09989 /* Base */,
			);
			name = LaunchScreen.storyboard;
			sourceTree = "<group>";
		};
/* End PBXVariantGroup section */

/* Begin XCBuildConfiguration section */
		88A4DE581CF2637C00F09989 /* Debug */ = {
			isa = XCBuildConfiguration;
			buildSettings = {
				ALWAYS_SEARCH_USER_PATHS = NO;
				CLANG_ANALYZER_NONNULL = YES;
				CLANG_CXX_LANGUAGE_STANDARD = "gnu++0x";
				CLANG_CXX_LIBRARY = "libc++";
				CLANG_ENABLE_MODULES = YES;
				CLANG_ENABLE_OBJC_ARC = YES;
				CLANG_WARN_BOOL_CONVERSION = YES;
				CLANG_WARN_CONSTANT_CONVERSION = YES;
				CLANG_WARN_DIRECT_OBJC_ISA_USAGE = YES_ERROR;
				CLANG_WARN_EMPTY_BODY = YES;
				CLANG_WARN_ENUM_CONVERSION = YES;
				CLANG_WARN_INT_CONVERSION = YES;
				CLANG_WARN_OBJC_ROOT_CLASS = YES_ERROR;
				CLANG_WARN_UNREACHABLE_CODE = YES;
				CLANG_WARN__DUPLICATE_METHOD_MATCH = YES;
				"CODE_SIGN_IDENTITY[sdk=iphoneos*]" = "iPhone Developer";
				COPY_PHASE_STRIP = NO;
				DEBUG_INFORMATION_FORMAT = dwarf;
				ENABLE_STRICT_OBJC_MSGSEND = YES;
				ENABLE_TESTABILITY = YES;
				GCC_C_LANGUAGE_STANDARD = gnu99;
				GCC_DYNAMIC_NO_PIC = NO;
				GCC_NO_COMMON_BLOCKS = YES;
				GCC_OPTIMIZATION_LEVEL = 0;
				GCC_PREPROCESSOR_DEFINITIONS = (
					"DEBUG=1",
					"$(inherited)",
				);
				GCC_WARN_64_TO_32_BIT_CONVERSION = YES;
				GCC_WARN_ABOUT_RETURN_TYPE = YES_ERROR;
				GCC_WARN_UNDECLARED_SELECTOR = YES;
				GCC_WARN_UNINITIALIZED_AUTOS = YES_AGGRESSIVE;
				GCC_WARN_UNUSED_FUNCTION = YES;
				GCC_WARN_UNUSED_VARIABLE = YES;
				IPHONEOS_DEPLOYMENT_TARGET = 9.3;
				MTL_ENABLE_DEBUG_INFO = YES;
				ONLY_ACTIVE_ARCH = YES;
				SDKROOT = iphoneos;
				SWIFT_OPTIMIZATION_LEVEL = "-Onone";
			};
			name = Debug;
		};
		88A4DE591CF2637C00F09989 /* Release */ = {
			isa = XCBuildConfiguration;
			buildSettings = {
				ALWAYS_SEARCH_USER_PATHS = NO;
				CLANG_ANALYZER_NONNULL = YES;
				CLANG_CXX_LANGUAGE_STANDARD = "gnu++0x";
				CLANG_CXX_LIBRARY = "libc++";
				CLANG_ENABLE_MODULES = YES;
				CLANG_ENABLE_OBJC_ARC = YES;
				CLANG_WARN_BOOL_CONVERSION = YES;
				CLANG_WARN_CONSTANT_CONVERSION = YES;
				CLANG_WARN_DIRECT_OBJC_ISA_USAGE = YES_ERROR;
				CLANG_WARN_EMPTY_BODY = YES;
				CLANG_WARN_ENUM_CONVERSION = YES;
				CLANG_WARN_INT_CONVERSION = YES;
				CLANG_WARN_OBJC_ROOT_CLASS = YES_ERROR;
				CLANG_WARN_UNREACHABLE_CODE = YES;
				CLANG_WARN__DUPLICATE_METHOD_MATCH = YES;
				"CODE_SIGN_IDENTITY[sdk=iphoneos*]" = "iPhone Developer";
				COPY_PHASE_STRIP = NO;
				DEBUG_INFORMATION_FORMAT = "dwarf-with-dsym";
				ENABLE_NS_ASSERTIONS = NO;
				ENABLE_STRICT_OBJC_MSGSEND = YES;
				GCC_C_LANGUAGE_STANDARD = gnu99;
				GCC_NO_COMMON_BLOCKS = YES;
				GCC_WARN_64_TO_32_BIT_CONVERSION = YES;
				GCC_WARN_ABOUT_RETURN_TYPE = YES_ERROR;
				GCC_WARN_UNDECLARED_SELECTOR = YES;
				GCC_WARN_UNINITIALIZED_AUTOS = YES_AGGRESSIVE;
				GCC_WARN_UNUSED_FUNCTION = YES;
				GCC_WARN_UNUSED_VARIABLE = YES;
				IPHONEOS_DEPLOYMENT_TARGET = 9.3;
				MTL_ENABLE_DEBUG_INFO = NO;
				SDKROOT = iphoneos;
				VALIDATE_PRODUCT = YES;
			};
			name = Release;
		};
		88A4DE5B1CF2637C00F09989 /* Debug */ = {
			isa = XCBuildConfiguration;
			buildSettings = {
				ASSETCATALOG_COMPILER_APPICON_NAME = AppIcon;
				INFOPLIST_FILE = tables/Info.plist;
				LD_RUNPATH_SEARCH_PATHS = "$(inherited) @executable_path/Frameworks";
				PRODUCT_BUNDLE_IDENTIFIER = com.aydintiritoglu.todo;
				PRODUCT_NAME = todo;
			};
			name = Debug;
		};
		88A4DE5C1CF2637C00F09989 /* Release */ = {
			isa = XCBuildConfiguration;
			buildSettings = {
				ASSETCATALOG_COMPILER_APPICON_NAME = AppIcon;
				INFOPLIST_FILE = tables/Info.plist;
				LD_RUNPATH_SEARCH_PATHS = "$(inherited) @executable_path/Frameworks";
				PRODUCT_BUNDLE_IDENTIFIER = com.aydintiritoglu.todo;
				PRODUCT_NAME = todo;
			};
			name = Release;
		};
/* End XCBuildConfiguration section */

/* Begin XCConfigurationList section */
		88A4DE411CF2637C00F09989 /* Build configuration list for PBXProject "todo" */ = {
			isa = XCConfigurationList;
			buildConfigurations = (
				88A4DE581CF2637C00F09989 /* Debug */,
				88A4DE591CF2637C00F09989 /* Release */,
			);
			defaultConfigurationIsVisible = 0;
			defaultConfigurationName = Release;
		};
		88A4DE5A1CF2637C00F09989 /* Build configuration list for PBXNativeTarget "todo" */ = {
			isa = XCConfigurationList;
			buildConfigurations = (
				88A4DE5B1CF2637C00F09989 /* Debug */,
				88A4DE5C1CF2637C00F09989 /* Release */,
			);
			defaultConfigurationIsVisible = 0;
			defaultConfigurationName = Release;
		};
/* End XCConfigurationList section */
	};
	rootObject = 88A4DE3E1CF2637C00F09989 /* Project object */;
}
